
Microsoft Visual Studio Solution File, Format Version 12.00
# Visual Studio Version 17
VisualStudioVersion = 17.4.33122.133
MinimumVisualStudioVersion = 10.0.40219.1
Project("{FAE04EC0-301F-11D3-BF4B-00C04F79EFBC}") = "algorithm_11.2", "algorithm_11.2\algorithm_11.2.csproj", "{038F4135-038D-4485-ACB9-A4270FF25DFD}"
EndProject
Global
	GlobalSection(SolutionConfigurationPlatforms) = preSolution
		Debug|Any CPU = Debug|Any CPU
		Release|Any CPU = Release|Any CPU
	EndGlobalSection
	GlobalSection(ProjectConfigurationPlatforms) = postSolution
		{038F4135-038D-4485-ACB9-A4270FF25DFD}.Debug|Any CPU.ActiveCfg = Debug|Any CPU
		{038F4135-038D-4485-ACB9-A4270FF25DFD}.Debug|Any CPU.Build.0 = Debug|Any CPU
		{038F4135-038D-4485-ACB9-A4270FF25DFD}.Release|Any CPU.ActiveCfg = Release|Any CPU
		{038F4135-038D-4485-ACB9-A4270FF25DFD}.Release|Any CPU.Build.0 = Release|Any CPU
	EndGlobalSection
	GlobalSection(SolutionProperties) = preSolution
		HideSolutionNode = FALSE
	EndGlobalSection
	GlobalSection(ExtensibilityGlobals) = postSolution
		SolutionGuid = {6564191C-1252-42FB-AB78-05F216DA44A3}
	EndGlobalSection
EndGlobal
